
Microsoft Visual Studio Solution File, Format Version 12.00
# Visual Studio Version 17
VisualStudioVersion = 17.12.35728.132
MinimumVisualStudioVersion = 10.0.40219.1
Project("{FAE04EC0-301F-11D3-BF4B-00C04F79EFBC}") = "0101_ПР1_1_24", "0101 ПР1_1_24\0101_ПР1_1_24.csproj", "{1C14B6A6-C82A-4297-AAF8-0AA1FD580D20}"
EndProject
Project("{FAE04EC0-301F-11D3-BF4B-00C04F79EFBC}") = "0101_ПР6_1", "0101_ПР6_1\0101_ПР6_1.csproj", "{77C0727E-6FB5-402F-9655-7FA187CA71E6}"
EndProject
Project("{FAE04EC0-301F-11D3-BF4B-00C04F79EFBC}") = "0101_ПР6_2", "0101_ПР6_2\0101_ПР6_2.csproj", "{4FAA4D77-1A9B-4758-BAEE-A3D66E700E02}"
EndProject
Project("{FAE04EC0-301F-11D3-BF4B-00C04F79EFBC}") = "0101_ПР6_3", "0101_ПР6_3\0101_ПР6_3.csproj", "{C8809225-2340-4599-BB82-D99DF2C4EF78}"
EndProject
Project("{FAE04EC0-301F-11D3-BF4B-00C04F79EFBC}") = "0101_ПР6_4", "0101_ПР6_4\0101_ПР6_4.csproj", "{3D53523A-1026-4742-A125-07988FF0C51A}"
EndProject
Project("{FAE04EC0-301F-11D3-BF4B-00C04F79EFBC}") = "0101_ПР6_5", "0101_ПР6_5\0101_ПР6_5.csproj", "{D03DBF21-BCDE-454E-99AC-9804AB792E1B}"
EndProject
Project("{FAE04EC0-301F-11D3-BF4B-00C04F79EFBC}") = "0101_ПР1_2_24", "0101_ПР1_2_24\0101_ПР1_2_24.csproj", "{D824874C-5781-4809-ADFD-1F147F593F2E}"
EndProject
Global
	GlobalSection(SolutionConfigurationPlatforms) = preSolution
		Debug|Any CPU = Debug|Any CPU
		Release|Any CPU = Release|Any CPU
	EndGlobalSection
	GlobalSection(ProjectConfigurationPlatforms) = postSolution
		{1C14B6A6-C82A-4297-AAF8-0AA1FD580D20}.Debug|Any CPU.ActiveCfg = Debug|Any CPU
		{1C14B6A6-C82A-4297-AAF8-0AA1FD580D20}.Debug|Any CPU.Build.0 = Debug|Any CPU
		{1C14B6A6-C82A-4297-AAF8-0AA1FD580D20}.Release|Any CPU.ActiveCfg = Release|Any CPU
		{1C14B6A6-C82A-4297-AAF8-0AA1FD580D20}.Release|Any CPU.Build.0 = Release|Any CPU
		{77C0727E-6FB5-402F-9655-7FA187CA71E6}.Debug|Any CPU.ActiveCfg = Debug|Any CPU
		{77C0727E-6FB5-402F-9655-7FA187CA71E6}.Debug|Any CPU.Build.0 = Debug|Any CPU
		{77C0727E-6FB5-402F-9655-7FA187CA71E6}.Release|Any CPU.ActiveCfg = Release|Any CPU
		{77C0727E-6FB5-402F-9655-7FA187CA71E6}.Release|Any CPU.Build.0 = Release|Any CPU
		{4FAA4D77-1A9B-4758-BAEE-A3D66E700E02}.Debug|Any CPU.ActiveCfg = Debug|Any CPU
		{4FAA4D77-1A9B-4758-BAEE-A3D66E700E02}.Debug|Any CPU.Build.0 = Debug|Any CPU
		{4FAA4D77-1A9B-4758-BAEE-A3D66E700E02}.Release|Any CPU.ActiveCfg = Release|Any CPU
		{4FAA4D77-1A9B-4758-BAEE-A3D66E700E02}.Release|Any CPU.Build.0 = Release|Any CPU
		{C8809225-2340-4599-BB82-D99DF2C4EF78}.Debug|Any CPU.ActiveCfg = Debug|Any CPU
		{C8809225-2340-4599-BB82-D99DF2C4EF78}.Debug|Any CPU.Build.0 = Debug|Any CPU
		{C8809225-2340-4599-BB82-D99DF2C4EF78}.Release|Any CPU.ActiveCfg = Release|Any CPU
		{C8809225-2340-4599-BB82-D99DF2C4EF78}.Release|Any CPU.Build.0 = Release|Any CPU
		{3D53523A-1026-4742-A125-07988FF0C51A}.Debug|Any CPU.ActiveCfg = Debug|Any CPU
		{3D53523A-1026-4742-A125-07988FF0C51A}.Debug|Any CPU.Build.0 = Debug|Any CPU
		{3D53523A-1026-4742-A125-07988FF0C51A}.Release|Any CPU.ActiveCfg = Release|Any CPU
		{3D53523A-1026-4742-A125-07988FF0C51A}.Release|Any CPU.Build.0 = Release|Any CPU
		{D03DBF21-BCDE-454E-99AC-9804AB792E1B}.Debug|Any CPU.ActiveCfg = Debug|Any CPU
		{D03DBF21-BCDE-454E-99AC-9804AB792E1B}.Debug|Any CPU.Build.0 = Debug|Any CPU
		{D03DBF21-BCDE-454E-99AC-9804AB792E1B}.Release|Any CPU.ActiveCfg = Release|Any CPU
		{D03DBF21-BCDE-454E-99AC-9804AB792E1B}.Release|Any CPU.Build.0 = Release|Any CPU
		{D824874C-5781-4809-ADFD-1F147F593F2E}.Debug|Any CPU.ActiveCfg = Debug|Any CPU
		{D824874C-5781-4809-ADFD-1F147F593F2E}.Debug|Any CPU.Build.0 = Debug|Any CPU
		{D824874C-5781-4809-ADFD-1F147F593F2E}.Release|Any CPU.ActiveCfg = Release|Any CPU
		{D824874C-5781-4809-ADFD-1F147F593F2E}.Release|Any CPU.Build.0 = Release|Any CPU
	EndGlobalSection
	GlobalSection(SolutionProperties) = preSolution
		HideSolutionNode = FALSE
	EndGlobalSection
EndGlobal
