
Microsoft Visual Studio Solution File, Format Version 12.00
# Visual Studio Version 17
VisualStudioVersion = 17.12.35728.132
MinimumVisualStudioVersion = 10.0.40219.1
Project("{FAE04EC0-301F-11D3-BF4B-00C04F79EFBC}") = "0101_ПР1_1_24", "0101 ПР1_1_24\0101_ПР1_1_24.csproj", "{1C14B6A6-C82A-4297-AAF8-0AA1FD580D20}"
EndProject
Project("{FAE04EC0-301F-11D3-BF4B-00C04F79EFBC}") = "0101_ПР6_1", "0101_ПР6_1\0101_ПР6_1.csproj", "{77C0727E-6FB5-402F-9655-7FA187CA71E6}"
EndProject
Project("{FAE04EC0-301F-11D3-BF4B-00C04F79EFBC}") = "0101_ПР6_2", "0101_ПР6_2\0101_ПР6_2.csproj", "{4FAA4D77-1A9B-4758-BAEE-A3D66E700E02}"
EndProject
Project("{FAE04EC0-301F-11D3-BF4B-00C04F79EFBC}") = "0101_ПР6_3", "0101_ПР6_3\0101_ПР6_3.csproj", "{C8809225-2340-4599-BB82-D99DF2C4EF78}"
EndProject
Project("{FAE04EC0-301F-11D3-BF4B-00C04F79EFBC}") = "0101_ПР6_4", "0101_ПР6_4\0101_ПР6_4.csproj", "{3D53523A-1026-4742-A125-07988FF0C51A}"
EndProject
Project("{FAE04EC0-301F-11D3-BF4B-00C04F79EFBC}") = "0101_ПР6_5", "0101_ПР6_5\0101_ПР6_5.csproj", "{D03DBF21-BCDE-454E-99AC-9804AB792E1B}"
EndProject
Project("{FAE04EC0-301F-11D3-BF4B-00C04F79EFBC}") = "0101_ПР1_2_24", "0101_ПР1_2_24\0101_ПР1_2_24.csproj", "{D824874C-5781-4809-ADFD-1F147F593F2E}"
EndProject
Project("{FAE04EC0-301F-11D3-BF4B-00C04F79EFBC}") = "0101_ПР2_1_12", "0101_ПР2_1_12\0101_ПР2_1_12.csproj", "{58ACD337-61D8-489D-BB48-65333DC88D5F}"
EndProject
Project("{FAE04EC0-301F-11D3-BF4B-00C04F79EFBC}") = "0101_ПР2_2_24", "0101_ПР2_2_24\0101_ПР2_2_24.csproj", "{E22F07EC-0DC2-46C1-8158-74FC6E52D6C6}"
EndProject
Project("{FAE04EC0-301F-11D3-BF4B-00C04F79EFBC}") = "0101_ПР2_3_24", "0101_ПР2_3_24\0101_ПР2_3_24.csproj", "{7C790C01-9A7C-4059-A061-01CB524048F3}"
EndProject
Project("{FAE04EC0-301F-11D3-BF4B-00C04F79EFBC}") = "0101_ПР3_1_9", "0101_ПР3_1_9\0101_ПР3_1_9.csproj", "{90EFC418-ED7D-41E6-B665-2E6AC1AFEC6A}"
EndProject
Project("{FAE04EC0-301F-11D3-BF4B-00C04F79EFBC}") = "0101_ПР3_2_24", "0101_ПР3_2_24\0101_ПР3_2_24.csproj", "{FB90E06D-9749-465E-AF70-ED3FDDE78108}"
EndProject
Project("{FAE04EC0-301F-11D3-BF4B-00C04F79EFBC}") = "0101_ПР3_3_55", "0101_ПР3_3_55\0101_ПР3_3_55.csproj", "{D2D7E9D8-637B-493A-8096-309216658DDC}"
EndProject
Project("{FAE04EC0-301F-11D3-BF4B-00C04F79EFBC}") = "0101_ПР4_1_10", "0101_ПР4_1_10\0101_ПР4_1_10.csproj", "{BECCE9A7-BF76-49B4-8AAE-C9387E27D0E3}"
EndProject
Project("{FAE04EC0-301F-11D3-BF4B-00C04F79EFBC}") = "0101_ПР4_2_3", "0101_ПР4_2_3\0101_ПР4_2_3.csproj", "{30694E0B-DC65-4809-8FAC-F9EAF9DED4AD}"
EndProject
Project("{FAE04EC0-301F-11D3-BF4B-00C04F79EFBC}") = "0101_ПР5_1_24", "0101_ПР5_1_24\0101_ПР5_1_24.csproj", "{78AAC782-743B-4A3A-A2C8-E74BB2400BAA}"
EndProject
Project("{FAE04EC0-301F-11D3-BF4B-00C04F79EFBC}") = "0101_ПР5_2_12", "0101_ПР5_2_12\0101_ПР5_2_12.csproj", "{3FE75BA7-2F92-4B0A-9873-BE9B0FCB4DE7}"
EndProject
Project("{FAE04EC0-301F-11D3-BF4B-00C04F79EFBC}") = "0101_ПР5_3_24", "0101_ПР5_3_24\0101_ПР5_3_24.csproj", "{339079D0-FEB4-408A-9718-06D73D5EF861}"
EndProject
Global
	GlobalSection(SolutionConfigurationPlatforms) = preSolution
		Debug|Any CPU = Debug|Any CPU
		Release|Any CPU = Release|Any CPU
	EndGlobalSection
	GlobalSection(ProjectConfigurationPlatforms) = postSolution
		{1C14B6A6-C82A-4297-AAF8-0AA1FD580D20}.Debug|Any CPU.ActiveCfg = Debug|Any CPU
		{1C14B6A6-C82A-4297-AAF8-0AA1FD580D20}.Debug|Any CPU.Build.0 = Debug|Any CPU
		{1C14B6A6-C82A-4297-AAF8-0AA1FD580D20}.Release|Any CPU.ActiveCfg = Release|Any CPU
		{1C14B6A6-C82A-4297-AAF8-0AA1FD580D20}.Release|Any CPU.Build.0 = Release|Any CPU
		{77C0727E-6FB5-402F-9655-7FA187CA71E6}.Debug|Any CPU.ActiveCfg = Debug|Any CPU
		{77C0727E-6FB5-402F-9655-7FA187CA71E6}.Debug|Any CPU.Build.0 = Debug|Any CPU
		{77C0727E-6FB5-402F-9655-7FA187CA71E6}.Release|Any CPU.ActiveCfg = Release|Any CPU
		{77C0727E-6FB5-402F-9655-7FA187CA71E6}.Release|Any CPU.Build.0 = Release|Any CPU
		{4FAA4D77-1A9B-4758-BAEE-A3D66E700E02}.Debug|Any CPU.ActiveCfg = Debug|Any CPU
		{4FAA4D77-1A9B-4758-BAEE-A3D66E700E02}.Debug|Any CPU.Build.0 = Debug|Any CPU
		{4FAA4D77-1A9B-4758-BAEE-A3D66E700E02}.Release|Any CPU.ActiveCfg = Release|Any CPU
		{4FAA4D77-1A9B-4758-BAEE-A3D66E700E02}.Release|Any CPU.Build.0 = Release|Any CPU
		{C8809225-2340-4599-BB82-D99DF2C4EF78}.Debug|Any CPU.ActiveCfg = Debug|Any CPU
		{C8809225-2340-4599-BB82-D99DF2C4EF78}.Debug|Any CPU.Build.0 = Debug|Any CPU
		{C8809225-2340-4599-BB82-D99DF2C4EF78}.Release|Any CPU.ActiveCfg = Release|Any CPU
		{C8809225-2340-4599-BB82-D99DF2C4EF78}.Release|Any CPU.Build.0 = Release|Any CPU
		{3D53523A-1026-4742-A125-07988FF0C51A}.Debug|Any CPU.ActiveCfg = Debug|Any CPU
		{3D53523A-1026-4742-A125-07988FF0C51A}.Debug|Any CPU.Build.0 = Debug|Any CPU
		{3D53523A-1026-4742-A125-07988FF0C51A}.Release|Any CPU.ActiveCfg = Release|Any CPU
		{3D53523A-1026-4742-A125-07988FF0C51A}.Release|Any CPU.Build.0 = Release|Any CPU
		{D03DBF21-BCDE-454E-99AC-9804AB792E1B}.Debug|Any CPU.ActiveCfg = Debug|Any CPU
		{D03DBF21-BCDE-454E-99AC-9804AB792E1B}.Debug|Any CPU.Build.0 = Debug|Any CPU
		{D03DBF21-BCDE-454E-99AC-9804AB792E1B}.Release|Any CPU.ActiveCfg = Release|Any CPU
		{D03DBF21-BCDE-454E-99AC-9804AB792E1B}.Release|Any CPU.Build.0 = Release|Any CPU
		{D824874C-5781-4809-ADFD-1F147F593F2E}.Debug|Any CPU.ActiveCfg = Debug|Any CPU
		{D824874C-5781-4809-ADFD-1F147F593F2E}.Debug|Any CPU.Build.0 = Debug|Any CPU
		{D824874C-5781-4809-ADFD-1F147F593F2E}.Release|Any CPU.ActiveCfg = Release|Any CPU
		{D824874C-5781-4809-ADFD-1F147F593F2E}.Release|Any CPU.Build.0 = Release|Any CPU
		{58ACD337-61D8-489D-BB48-65333DC88D5F}.Debug|Any CPU.ActiveCfg = Debug|Any CPU
		{58ACD337-61D8-489D-BB48-65333DC88D5F}.Debug|Any CPU.Build.0 = Debug|Any CPU
		{58ACD337-61D8-489D-BB48-65333DC88D5F}.Release|Any CPU.ActiveCfg = Release|Any CPU
		{58ACD337-61D8-489D-BB48-65333DC88D5F}.Release|Any CPU.Build.0 = Release|Any CPU
		{E22F07EC-0DC2-46C1-8158-74FC6E52D6C6}.Debug|Any CPU.ActiveCfg = Debug|Any CPU
		{E22F07EC-0DC2-46C1-8158-74FC6E52D6C6}.Debug|Any CPU.Build.0 = Debug|Any CPU
		{E22F07EC-0DC2-46C1-8158-74FC6E52D6C6}.Release|Any CPU.ActiveCfg = Release|Any CPU
		{E22F07EC-0DC2-46C1-8158-74FC6E52D6C6}.Release|Any CPU.Build.0 = Release|Any CPU
		{7C790C01-9A7C-4059-A061-01CB524048F3}.Debug|Any CPU.ActiveCfg = Debug|Any CPU
		{7C790C01-9A7C-4059-A061-01CB524048F3}.Debug|Any CPU.Build.0 = Debug|Any CPU
		{7C790C01-9A7C-4059-A061-01CB524048F3}.Release|Any CPU.ActiveCfg = Release|Any CPU
		{7C790C01-9A7C-4059-A061-01CB524048F3}.Release|Any CPU.Build.0 = Release|Any CPU
		{90EFC418-ED7D-41E6-B665-2E6AC1AFEC6A}.Debug|Any CPU.ActiveCfg = Debug|Any CPU
		{90EFC418-ED7D-41E6-B665-2E6AC1AFEC6A}.Debug|Any CPU.Build.0 = Debug|Any CPU
		{90EFC418-ED7D-41E6-B665-2E6AC1AFEC6A}.Release|Any CPU.ActiveCfg = Release|Any CPU
		{90EFC418-ED7D-41E6-B665-2E6AC1AFEC6A}.Release|Any CPU.Build.0 = Release|Any CPU
		{FB90E06D-9749-465E-AF70-ED3FDDE78108}.Debug|Any CPU.ActiveCfg = Debug|Any CPU
		{FB90E06D-9749-465E-AF70-ED3FDDE78108}.Debug|Any CPU.Build.0 = Debug|Any CPU
		{FB90E06D-9749-465E-AF70-ED3FDDE78108}.Release|Any CPU.ActiveCfg = Release|Any CPU
		{FB90E06D-9749-465E-AF70-ED3FDDE78108}.Release|Any CPU.Build.0 = Release|Any CPU
		{D2D7E9D8-637B-493A-8096-309216658DDC}.Debug|Any CPU.ActiveCfg = Debug|Any CPU
		{D2D7E9D8-637B-493A-8096-309216658DDC}.Debug|Any CPU.Build.0 = Debug|Any CPU
		{D2D7E9D8-637B-493A-8096-309216658DDC}.Release|Any CPU.ActiveCfg = Release|Any CPU
		{D2D7E9D8-637B-493A-8096-309216658DDC}.Release|Any CPU.Build.0 = Release|Any CPU
		{BECCE9A7-BF76-49B4-8AAE-C9387E27D0E3}.Debug|Any CPU.ActiveCfg = Debug|Any CPU
		{BECCE9A7-BF76-49B4-8AAE-C9387E27D0E3}.Debug|Any CPU.Build.0 = Debug|Any CPU
		{BECCE9A7-BF76-49B4-8AAE-C9387E27D0E3}.Release|Any CPU.ActiveCfg = Release|Any CPU
		{BECCE9A7-BF76-49B4-8AAE-C9387E27D0E3}.Release|Any CPU.Build.0 = Release|Any CPU
		{30694E0B-DC65-4809-8FAC-F9EAF9DED4AD}.Debug|Any CPU.ActiveCfg = Debug|Any CPU
		{30694E0B-DC65-4809-8FAC-F9EAF9DED4AD}.Debug|Any CPU.Build.0 = Debug|Any CPU
		{30694E0B-DC65-4809-8FAC-F9EAF9DED4AD}.Release|Any CPU.ActiveCfg = Release|Any CPU
		{30694E0B-DC65-4809-8FAC-F9EAF9DED4AD}.Release|Any CPU.Build.0 = Release|Any CPU
		{78AAC782-743B-4A3A-A2C8-E74BB2400BAA}.Debug|Any CPU.ActiveCfg = Debug|Any CPU
		{78AAC782-743B-4A3A-A2C8-E74BB2400BAA}.Debug|Any CPU.Build.0 = Debug|Any CPU
		{78AAC782-743B-4A3A-A2C8-E74BB2400BAA}.Release|Any CPU.ActiveCfg = Release|Any CPU
		{78AAC782-743B-4A3A-A2C8-E74BB2400BAA}.Release|Any CPU.Build.0 = Release|Any CPU
		{3FE75BA7-2F92-4B0A-9873-BE9B0FCB4DE7}.Debug|Any CPU.ActiveCfg = Debug|Any CPU
		{3FE75BA7-2F92-4B0A-9873-BE9B0FCB4DE7}.Debug|Any CPU.Build.0 = Debug|Any CPU
		{3FE75BA7-2F92-4B0A-9873-BE9B0FCB4DE7}.Release|Any CPU.ActiveCfg = Release|Any CPU
		{3FE75BA7-2F92-4B0A-9873-BE9B0FCB4DE7}.Release|Any CPU.Build.0 = Release|Any CPU
		{339079D0-FEB4-408A-9718-06D73D5EF861}.Debug|Any CPU.ActiveCfg = Debug|Any CPU
		{339079D0-FEB4-408A-9718-06D73D5EF861}.Debug|Any CPU.Build.0 = Debug|Any CPU
		{339079D0-FEB4-408A-9718-06D73D5EF861}.Release|Any CPU.ActiveCfg = Release|Any CPU
		{339079D0-FEB4-408A-9718-06D73D5EF861}.Release|Any CPU.Build.0 = Release|Any CPU
	EndGlobalSection
	GlobalSection(SolutionProperties) = preSolution
		HideSolutionNode = FALSE
	EndGlobalSection
EndGlobal
